// !$*UTF8*$!
{
	archiveVersion = 1;
	classes = {
	};
	objectVersion = 55;
	objects = {

/* Begin PBXBuildFile section */
		D07D9E7128A8309800CFE725 /* IQKeyboardManagerSwift in Frameworks */ = {isa = PBXBuildFile; productRef = D07D9E7028A8309800CFE725 /* IQKeyboardManagerSwift */; };
		D0CC5D0728A79EF400B03280 /* AppDelegate.swift in Sources */ = {isa = PBXBuildFile; fileRef = D0CC5D0628A79EF400B03280 /* AppDelegate.swift */; };
		D0CC5D0928A79EF400B03280 /* SceneDelegate.swift in Sources */ = {isa = PBXBuildFile; fileRef = D0CC5D0828A79EF400B03280 /* SceneDelegate.swift */; };
		D0CC5D0B28A79EF400B03280 /* ViewController.swift in Sources */ = {isa = PBXBuildFile; fileRef = D0CC5D0A28A79EF400B03280 /* ViewController.swift */; };
		D0CC5D0E28A79EF400B03280 /* Main.storyboard in Resources */ = {isa = PBXBuildFile; fileRef = D0CC5D0C28A79EF400B03280 /* Main.storyboard */; };
		D0CC5D1028A79EF500B03280 /* Assets.xcassets in Resources */ = {isa = PBXBuildFile; fileRef = D0CC5D0F28A79EF500B03280 /* Assets.xcassets */; };
		D0CC5D1328A79EF500B03280 /* LaunchScreen.storyboard in Resources */ = {isa = PBXBuildFile; fileRef = D0CC5D1128A79EF500B03280 /* LaunchScreen.storyboard */; };
		D0CC5D1B28A7A2E000B03280 /* ResultsController.swift in Sources */ = {isa = PBXBuildFile; fileRef = D0CC5D1A28A7A2E000B03280 /* ResultsController.swift */; };
		D0CC5D2028A7A3AD00B03280 /* Prises.swift in Sources */ = {isa = PBXBuildFile; fileRef = D0CC5D1F28A7A3AD00B03280 /* Prises.swift */; };
/* End PBXBuildFile section */

/* Begin PBXFileReference section */
		D0CC5D0328A79EF300B03280 /* CarPaintersCalculator.app */ = {isa = PBXFileReference; explicitFileType = wrapper.application; includeInIndex = 0; path = CarPaintersCalculator.app; sourceTree = BUILT_PRODUCTS_DIR; };
		D0CC5D0628A79EF400B03280 /* AppDelegate.swift */ = {isa = PBXFileReference; lastKnownFileType = sourcecode.swift; path = AppDelegate.swift; sourceTree = "<group>"; };
		D0CC5D0828A79EF400B03280 /* SceneDelegate.swift */ = {isa = PBXFileReference; lastKnownFileType = sourcecode.swift; path = SceneDelegate.swift; sourceTree = "<group>"; };
		D0CC5D0A28A79EF400B03280 /* ViewController.swift */ = {isa = PBXFileReference; lastKnownFileType = sourcecode.swift; path = ViewController.swift; sourceTree = "<group>"; };
		D0CC5D0D28A79EF400B03280 /* Base */ = {isa = PBXFileReference; lastKnownFileType = file.storyboard; name = Base; path = Base.lproj/Main.storyboard; sourceTree = "<group>"; };
		D0CC5D0F28A79EF500B03280 /* Assets.xcassets */ = {isa = PBXFileReference; lastKnownFileType = folder.assetcatalog; path = Assets.xcassets; sourceTree = "<group>"; };
		D0CC5D1228A79EF500B03280 /* Base */ = {isa = PBXFileReference; lastKnownFileType = file.storyboard; name = Base; path = Base.lproj/LaunchScreen.storyboard; sourceTree = "<group>"; };
		D0CC5D1428A79EF500B03280 /* Info.plist */ = {isa = PBXFileReference; lastKnownFileType = text.plist.xml; path = Info.plist; sourceTree = "<group>"; };
		D0CC5D1A28A7A2E000B03280 /* ResultsController.swift */ = {isa = PBXFileReference; lastKnownFileType = sourcecode.swift; path = ResultsController.swift; sourceTree = "<group>"; };
		D0CC5D1F28A7A3AD00B03280 /* Prises.swift */ = {isa = PBXFileReference; lastKnownFileType = sourcecode.swift; path = Prises.swift; sourceTree = "<group>"; };
/* End PBXFileReference section */

/* Begin PBXFrameworksBuildPhase section */
		D0CC5D0028A79EF300B03280 /* Frameworks */ = {
			isa = PBXFrameworksBuildPhase;
			buildActionMask = 2147483647;
			files = (
				D07D9E7128A8309800CFE725 /* IQKeyboardManagerSwift in Frameworks */,
			);
			runOnlyForDeploymentPostprocessing = 0;
		};
/* End PBXFrameworksBuildPhase section */

/* Begin PBXGroup section */
		D0CC5CFA28A79EF300B03280 = {
			isa = PBXGroup;
			children = (
				D0CC5D0528A79EF400B03280 /* CarPaintersCalculator */,
				D0CC5D0428A79EF300B03280 /* Products */,
			);
			sourceTree = "<group>";
		};
		D0CC5D0428A79EF300B03280 /* Products */ = {
			isa = PBXGroup;
			children = (
				D0CC5D0328A79EF300B03280 /* CarPaintersCalculator.app */,
			);
			name = Products;
			sourceTree = "<group>";
		};
		D0CC5D0528A79EF400B03280 /* CarPaintersCalculator */ = {
			isa = PBXGroup;
			children = (
				D0CC5D0628A79EF400B03280 /* AppDelegate.swift */,
				D0CC5D0828A79EF400B03280 /* SceneDelegate.swift */,
				D0CC5D1E28A7A35900B03280 /* Model */,
				D0CC5D1D28A7A34000B03280 /* View */,
				D0CC5D1C28A7A31000B03280 /* Contollers */,
				D0CC5D1128A79EF500B03280 /* LaunchScreen.storyboard */,
				D0CC5D0F28A79EF500B03280 /* Assets.xcassets */,
				D0CC5D1428A79EF500B03280 /* Info.plist */,
			);
			path = CarPaintersCalculator;
			sourceTree = "<group>";
		};
		D0CC5D1C28A7A31000B03280 /* Contollers */ = {
			isa = PBXGroup;
			children = (
				D0CC5D0A28A79EF400B03280 /* ViewController.swift */,
				D0CC5D1A28A7A2E000B03280 /* ResultsController.swift */,
			);
			path = Contollers;
			sourceTree = "<group>";
		};
		D0CC5D1D28A7A34000B03280 /* View */ = {
			isa = PBXGroup;
			children = (
				D0CC5D0C28A79EF400B03280 /* Main.storyboard */,
			);
			path = View;
			sourceTree = "<group>";
		};
		D0CC5D1E28A7A35900B03280 /* Model */ = {
			isa = PBXGroup;
			children = (
				D0CC5D1F28A7A3AD00B03280 /* Prises.swift */,
			);
			path = Model;
			sourceTree = "<group>";
		};
/* End PBXGroup section */

/* Begin PBXNativeTarget section */
		D0CC5D0228A79EF300B03280 /* CarPaintersCalculator */ = {
			isa = PBXNativeTarget;
			buildConfigurationList = D0CC5D1728A79EF500B03280 /* Build configuration list for PBXNativeTarget "CarPaintersCalculator" */;
			buildPhases = (
				D0CC5CFF28A79EF300B03280 /* Sources */,
				D0CC5D0028A79EF300B03280 /* Frameworks */,
				D0CC5D0128A79EF300B03280 /* Resources */,
			);
			buildRules = (
			);
			dependencies = (
			);
			name = CarPaintersCalculator;
			packageProductDependencies = (
				D07D9E7028A8309800CFE725 /* IQKeyboardManagerSwift */,
			);
			productName = CarPaintersCalculator;
			productReference = D0CC5D0328A79EF300B03280 /* CarPaintersCalculator.app */;
			productType = "com.apple.product-type.application";
		};
/* End PBXNativeTarget section */

/* Begin PBXProject section */
		D0CC5CFB28A79EF300B03280 /* Project object */ = {
			isa = PBXProject;
			attributes = {
				BuildIndependentTargetsInParallel = 1;
				LastSwiftUpdateCheck = 1340;
				LastUpgradeCheck = 1340;
				TargetAttributes = {
					D0CC5D0228A79EF300B03280 = {
						CreatedOnToolsVersion = 13.4.1;
					};
				};
			};
			buildConfigurationList = D0CC5CFE28A79EF300B03280 /* Build configuration list for PBXProject "CarPaintersCalculator" */;
			compatibilityVersion = "Xcode 13.0";
			developmentRegion = en;
			hasScannedForEncodings = 0;
			knownRegions = (
				en,
				Base,
			);
			mainGroup = D0CC5CFA28A79EF300B03280;
			packageReferences = (
				D07D9E6F28A8309800CFE725 /* XCRemoteSwiftPackageReference "IQKeyboardManager" */,
			);
			productRefGroup = D0CC5D0428A79EF300B03280 /* Products */;
			projectDirPath = "";
			projectRoot = "";
			targets = (
				D0CC5D0228A79EF300B03280 /* CarPaintersCalculator */,
			);
		};
/* End PBXProject section */

/* Begin PBXResourcesBuildPhase section */
		D0CC5D0128A79EF300B03280 /* Resources */ = {
			isa = PBXResourcesBuildPhase;
			buildActionMask = 2147483647;
			files = (
				D0CC5D1328A79EF500B03280 /* LaunchScreen.storyboard in Resources */,
				D0CC5D1028A79EF500B03280 /* Assets.xcassets in Resources */,
				D0CC5D0E28A79EF400B03280 /* Main.storyboard in Resources */,
			);
			runOnlyForDeploymentPostprocessing = 0;
		};
/* End PBXResourcesBuildPhase section */

/* Begin PBXSourcesBuildPhase section */
		D0CC5CFF28A79EF300B03280 /* Sources */ = {
			isa = PBXSourcesBuildPhase;
			buildActionMask = 2147483647;
			files = (
				D0CC5D1B28A7A2E000B03280 /* ResultsController.swift in Sources */,
				D0CC5D2028A7A3AD00B03280 /* Prises.swift in Sources */,
				D0CC5D0B28A79EF400B03280 /* ViewController.swift in Sources */,
				D0CC5D0728A79EF400B03280 /* AppDelegate.swift in Sources */,
				D0CC5D0928A79EF400B03280 /* SceneDelegate.swift in Sources */,
			);
			runOnlyForDeploymentPostprocessing = 0;
		};
/* End PBXSourcesBuildPhase section */

/* Begin PBXVariantGroup section */
		D0CC5D0C28A79EF400B03280 /* Main.storyboard */ = {
			isa = PBXVariantGroup;
			children = (
				D0CC5D0D28A79EF400B03280 /* Base */,
			);
			name = Main.storyboard;
			sourceTree = "<group>";
		};
		D0CC5D1128A79EF500B03280 /* LaunchScreen.storyboard */ = {
			isa = PBXVariantGroup;
			children = (
				D0CC5D1228A79EF500B03280 /* Base */,
			);
			name = LaunchScreen.storyboard;
			sourceTree = "<group>";
		};
/* End PBXVariantGroup section */

/* Begin XCBuildConfiguration section */
		D0CC5D1528A79EF500B03280 /* Debug */ = {
			isa = XCBuildConfiguration;
			buildSettings = {
				ALWAYS_SEARCH_USER_PATHS = NO;
				CLANG_ANALYZER_NONNULL = YES;
				CLANG_ANALYZER_NUMBER_OBJECT_CONVERSION = YES_AGGRESSIVE;
				CLANG_CXX_LANGUAGE_STANDARD = "gnu++17";
				CLANG_ENABLE_MODULES = YES;
				CLANG_ENABLE_OBJC_ARC = YES;
				CLANG_ENABLE_OBJC_WEAK = YES;
				CLANG_WARN_BLOCK_CAPTURE_AUTORELEASING = YES;
				CLANG_WARN_BOOL_CONVERSION = YES;
				CLANG_WARN_COMMA = YES;
				CLANG_WARN_CONSTANT_CONVERSION = YES;
				CLANG_WARN_DEPRECATED_OBJC_IMPLEMENTATIONS = YES;
				CLANG_WARN_DIRECT_OBJC_ISA_USAGE = YES_ERROR;
				CLANG_WARN_DOCUMENTATION_COMMENTS = YES;
				CLANG_WARN_EMPTY_BODY = YES;
				CLANG_WARN_ENUM_CONVERSION = YES;
				CLANG_WARN_INFINITE_RECURSION = YES;
				CLANG_WARN_INT_CONVERSION = YES;
				CLANG_WARN_NON_LITERAL_NULL_CONVERSION = YES;
				CLANG_WARN_OBJC_IMPLICIT_RETAIN_SELF = YES;
				CLANG_WARN_OBJC_LITERAL_CONVERSION = YES;
				CLANG_WARN_OBJC_ROOT_CLASS = YES_ERROR;
				CLANG_WARN_QUOTED_INCLUDE_IN_FRAMEWORK_HEADER = YES;
				CLANG_WARN_RANGE_LOOP_ANALYSIS = YES;
				CLANG_WARN_STRICT_PROTOTYPES = YES;
				CLANG_WARN_SUSPICIOUS_MOVE = YES;
				CLANG_WARN_UNGUARDED_AVAILABILITY = YES_AGGRESSIVE;
				CLANG_WARN_UNREACHABLE_CODE = YES;
				CLANG_WARN__DUPLICATE_METHOD_MATCH = YES;
				COPY_PHASE_STRIP = NO;
				DEBUG_INFORMATION_FORMAT = dwarf;
				ENABLE_STRICT_OBJC_MSGSEND = YES;
				ENABLE_TESTABILITY = YES;
				GCC_C_LANGUAGE_STANDARD = gnu11;
				GCC_DYNAMIC_NO_PIC = NO;
				GCC_NO_COMMON_BLOCKS = YES;
				GCC_OPTIMIZATION_LEVEL = 0;
				GCC_PREPROCESSOR_DEFINITIONS = (
					"DEBUG=1",
					"$(inherited)",
				);
				GCC_WARN_64_TO_32_BIT_CONVERSION = YES;
				GCC_WARN_ABOUT_RETURN_TYPE = YES_ERROR;
				GCC_WARN_UNDECLARED_SELECTOR = YES;
				GCC_WARN_UNINITIALIZED_AUTOS = YES_AGGRESSIVE;
				GCC_WARN_UNUSED_FUNCTION = YES;
				GCC_WARN_UNUSED_VARIABLE = YES;
				IPHONEOS_DEPLOYMENT_TARGET = 15.5;
				MTL_ENABLE_DEBUG_INFO = INCLUDE_SOURCE;
				MTL_FAST_MATH = YES;
				ONLY_ACTIVE_ARCH = YES;
				SDKROOT = iphoneos;
				SWIFT_ACTIVE_COMPILATION_CONDITIONS = DEBUG;
				SWIFT_OPTIMIZATION_LEVEL = "-Onone";
			};
			name = Debug;
		};
		D0CC5D1628A79EF500B03280 /* Release */ = {
			isa = XCBuildConfiguration;
			buildSettings = {
				ALWAYS_SEARCH_USER_PATHS = NO;
				CLANG_ANALYZER_NONNULL = YES;
				CLANG_ANALYZER_NUMBER_OBJECT_CONVERSION = YES_AGGRESSIVE;
				CLANG_CXX_LANGUAGE_STANDARD = "gnu++17";
				CLANG_ENABLE_MODULES = YES;
				CLANG_ENABLE_OBJC_ARC = YES;
				CLANG_ENABLE_OBJC_WEAK = YES;
				CLANG_WARN_BLOCK_CAPTURE_AUTORELEASING = YES;
				CLANG_WARN_BOOL_CONVERSION = YES;
				CLANG_WARN_COMMA = YES;
				CLANG_WARN_CONSTANT_CONVERSION = YES;
				CLANG_WARN_DEPRECATED_OBJC_IMPLEMENTATIONS = YES;
				CLANG_WARN_DIRECT_OBJC_ISA_USAGE = YES_ERROR;
				CLANG_WARN_DOCUMENTATION_COMMENTS = YES;
				CLANG_WARN_EMPTY_BODY = YES;
				CLANG_WARN_ENUM_CONVERSION = YES;
				CLANG_WARN_INFINITE_RECURSION = YES;
				CLANG_WARN_INT_CONVERSION = YES;
				CLANG_WARN_NON_LITERAL_NULL_CONVERSION = YES;
				CLANG_WARN_OBJC_IMPLICIT_RETAIN_SELF = YES;
				CLANG_WARN_OBJC_LITERAL_CONVERSION = YES;
				CLANG_WARN_OBJC_ROOT_CLASS = YES_ERROR;
				CLANG_WARN_QUOTED_INCLUDE_IN_FRAMEWORK_HEADER = YES;
				CLANG_WARN_RANGE_LOOP_ANALYSIS = YES;
				CLANG_WARN_STRICT_PROTOTYPES = YES;
				CLANG_WARN_SUSPICIOUS_MOVE = YES;
				CLANG_WARN_UNGUARDED_AVAILABILITY = YES_AGGRESSIVE;
				CLANG_WARN_UNREACHABLE_CODE = YES;
				CLANG_WARN__DUPLICATE_METHOD_MATCH = YES;
				COPY_PHASE_STRIP = NO;
				DEBUG_INFORMATION_FORMAT = "dwarf-with-dsym";
				ENABLE_NS_ASSERTIONS = NO;
				ENABLE_STRICT_OBJC_MSGSEND = YES;
				GCC_C_LANGUAGE_STANDARD = gnu11;
				GCC_NO_COMMON_BLOCKS = YES;
				GCC_WARN_64_TO_32_BIT_CONVERSION = YES;
				GCC_WARN_ABOUT_RETURN_TYPE = YES_ERROR;
				GCC_WARN_UNDECLARED_SELECTOR = YES;
				GCC_WARN_UNINITIALIZED_AUTOS = YES_AGGRESSIVE;
				GCC_WARN_UNUSED_FUNCTION = YES;
				GCC_WARN_UNUSED_VARIABLE = YES;
				IPHONEOS_DEPLOYMENT_TARGET = 15.5;
				MTL_ENABLE_DEBUG_INFO = NO;
				MTL_FAST_MATH = YES;
				SDKROOT = iphoneos;
				SWIFT_COMPILATION_MODE = wholemodule;
				SWIFT_OPTIMIZATION_LEVEL = "-O";
				VALIDATE_PRODUCT = YES;
			};
			name = Release;
		};
		D0CC5D1828A79EF500B03280 /* Debug */ = {
			isa = XCBuildConfiguration;
			buildSettings = {
				ASSETCATALOG_COMPILER_APPICON_NAME = AppIcon;
				ASSETCATALOG_COMPILER_GLOBAL_ACCENT_COLOR_NAME = AccentColor;
				CODE_SIGN_STYLE = Automatic;
				CURRENT_PROJECT_VERSION = 1;
				DEVELOPMENT_TEAM = U987S7R9XW;
				GENERATE_INFOPLIST_FILE = YES;
				INFOPLIST_FILE = CarPaintersCalculator/Info.plist;
				INFOPLIST_KEY_UIApplicationSupportsIndirectInputEvents = YES;
				INFOPLIST_KEY_UILaunchStoryboardName = LaunchScreen;
				INFOPLIST_KEY_UIMainStoryboardFile = Main;
				INFOPLIST_KEY_UISupportedInterfaceOrientations = UIInterfaceOrientationPortrait;
				INFOPLIST_KEY_UISupportedInterfaceOrientations_iPad = "UIInterfaceOrientationPortrait UIInterfaceOrientationPortraitUpsideDown UIInterfaceOrientationLandscapeLeft UIInterfaceOrientationLandscapeRight";
				INFOPLIST_KEY_UISupportedInterfaceOrientations_iPhone = "UIInterfaceOrientationPortrait UIInterfaceOrientationLandscapeLeft UIInterfaceOrientationLandscapeRight";
				LD_RUNPATH_SEARCH_PATHS = (
					"$(inherited)",
					"@executable_path/Frameworks",
				);
				MARKETING_VERSION = 1.0;
				PRODUCT_BUNDLE_IDENTIFIER = ua.petro.homon.CarPaintersCalculator;
				PRODUCT_NAME = "$(TARGET_NAME)";
				SWIFT_EMIT_LOC_STRINGS = YES;
				SWIFT_VERSION = 5.0;
				TARGETED_DEVICE_FAMILY = "1,2";
			};
			name = Debug;
		};
		D0CC5D1928A79EF500B03280 /* Release */ = {
			isa = XCBuildConfiguration;
			buildSettings = {
				ASSETCATALOG_COMPILER_APPICON_NAME = AppIcon;
				ASSETCATALOG_COMPILER_GLOBAL_ACCENT_COLOR_NAME = AccentColor;
				CODE_SIGN_STYLE = Automatic;
				CURRENT_PROJECT_VERSION = 1;
				DEVELOPMENT_TEAM = U987S7R9XW;
				GENERATE_INFOPLIST_FILE = YES;
				INFOPLIST_FILE = CarPaintersCalculator/Info.plist;
				INFOPLIST_KEY_UIApplicationSupportsIndirectInputEvents = YES;
				INFOPLIST_KEY_UILaunchStoryboardName = LaunchScreen;
				INFOPLIST_KEY_UIMainStoryboardFile = Main;
				INFOPLIST_KEY_UISupportedInterfaceOrientations = UIInterfaceOrientationPortrait;
				INFOPLIST_KEY_UISupportedInterfaceOrientations_iPad = "UIInterfaceOrientationPortrait UIInterfaceOrientationPortraitUpsideDown UIInterfaceOrientationLandscapeLeft UIInterfaceOrientationLandscapeRight";
				INFOPLIST_KEY_UISupportedInterfaceOrientations_iPhone = "UIInterfaceOrientationPortrait UIInterfaceOrientationLandscapeLeft UIInterfaceOrientationLandscapeRight";
				LD_RUNPATH_SEARCH_PATHS = (
					"$(inherited)",
					"@executable_path/Frameworks",
				);
				MARKETING_VERSION = 1.0;
				PRODUCT_BUNDLE_IDENTIFIER = ua.petro.homon.CarPaintersCalculator;
				PRODUCT_NAME = "$(TARGET_NAME)";
				SWIFT_EMIT_LOC_STRINGS = YES;
				SWIFT_VERSION = 5.0;
				TARGETED_DEVICE_FAMILY = "1,2";
			};
			name = Release;
		};
/* End XCBuildConfiguration section */

/* Begin XCConfigurationList section */
		D0CC5CFE28A79EF300B03280 /* Build configuration list for PBXProject "CarPaintersCalculator" */ = {
			isa = XCConfigurationList;
			buildConfigurations = (
				D0CC5D1528A79EF500B03280 /* Debug */,
				D0CC5D1628A79EF500B03280 /* Release */,
			);
			defaultConfigurationIsVisible = 0;
			defaultConfigurationName = Release;
		};
		D0CC5D1728A79EF500B03280 /* Build configuration list for PBXNativeTarget "CarPaintersCalculator" */ = {
			isa = XCConfigurationList;
			buildConfigurations = (
				D0CC5D1828A79EF500B03280 /* Debug */,
				D0CC5D1928A79EF500B03280 /* Release */,
			);
			defaultConfigurationIsVisible = 0;
			defaultConfigurationName = Release;
		};
/* End XCConfigurationList section */

/* Begin XCRemoteSwiftPackageReference section */
		D07D9E6F28A8309800CFE725 /* XCRemoteSwiftPackageReference "IQKeyboardManager" */ = {
			isa = XCRemoteSwiftPackageReference;
			repositoryURL = "https://github.com/hackiftekhar/IQKeyboardManager.git";
			requirement = {
				branch = master;
				kind = branch;
			};
		};
/* End XCRemoteSwiftPackageReference section */

/* Begin XCSwiftPackageProductDependency section */
		D07D9E7028A8309800CFE725 /* IQKeyboardManagerSwift */ = {
			isa = XCSwiftPackageProductDependency;
			package = D07D9E6F28A8309800CFE725 /* XCRemoteSwiftPackageReference "IQKeyboardManager" */;
			productName = IQKeyboardManagerSwift;
		};
/* End XCSwiftPackageProductDependency section */
	};
	rootObject = D0CC5CFB28A79EF300B03280 /* Project object */;
}
